# This file is automatically @generated by Cargo.
# It is not intended for manual editing.
[[package]]
name = "aho-corasick"
version = "0.7.14"
source = "registry+https://github.com/rust-lang/crates.io-index"
checksum = "b476ce7103678b0c6d3d395dbbae31d48ff910bd28be979ba5d48c6351131d0d"
dependencies = [
 "memchr",
]

[[package]]
name = "anyhow"
version = "1.0.33"
source = "registry+https://github.com/rust-lang/crates.io-index"
checksum = "a1fd36ffbb1fb7c834eac128ea8d0e310c5aeb635548f9d58861e1308d46e71c"

[[package]]
name = "anymap"
version = "0.12.1"
source = "registry+https://github.com/rust-lang/crates.io-index"
checksum = "33954243bd79057c2de7338850b85983a44588021f8a5fee574a8888c6de4344"

[[package]]
name = "arc-swap"
version = "0.4.7"
source = "registry+https://github.com/rust-lang/crates.io-index"
checksum = "4d25d88fd6b8041580a654f9d0c581a047baee2b3efee13275f2fc392fc75034"

[[package]]
name = "assert_cmd"
version = "1.0.1"
source = "registry+https://github.com/rust-lang/crates.io-index"
checksum = "c88b9ca26f9c16ec830350d309397e74ee9abdfd8eb1f71cb6ecc71a3fc818da"
dependencies = [
 "doc-comment",
 "predicates",
 "predicates-core",
 "predicates-tree",
 "wait-timeout",
]

[[package]]
name = "async-channel"
version = "1.5.1"
source = "registry+https://github.com/rust-lang/crates.io-index"
checksum = "59740d83946db6a5af71ae25ddf9562c2b176b2ca42cf99a455f09f4a220d6b9"
dependencies = [
 "concurrent-queue",
 "event-listener",
 "futures-core",
]

[[package]]
name = "async-ctrlc"
version = "1.2.0"
source = "registry+https://github.com/rust-lang/crates.io-index"
checksum = "907279f6e91a51c8ec7cac24711e8308f21da7c10c7700ca2f7e125694ed2df1"
dependencies = [
 "ctrlc",
]

[[package]]
name = "async-executor"
version = "1.3.0"
source = "registry+https://github.com/rust-lang/crates.io-index"
checksum = "d373d78ded7d0b3fa8039375718cde0aace493f2e34fb60f51cbf567562ca801"
dependencies = [
 "async-task",
 "concurrent-queue",
 "fastrand",
 "futures-lite",
 "once_cell",
 "vec-arena",
]

[[package]]
name = "async-global-executor"
version = "1.4.2"
source = "registry+https://github.com/rust-lang/crates.io-index"
checksum = "124ac8c265e407641c3362b8f4d39cdb4e243885b71eef087be27199790f5a3a"
dependencies = [
 "async-executor",
 "async-io",
 "futures-lite",
 "num_cpus",
 "once_cell",
]

[[package]]
name = "async-io"
version = "1.1.10"
source = "registry+https://github.com/rust-lang/crates.io-index"
checksum = "d54bc4c1c7292475efb2253227dbcfad8fe1ca4c02bc62c510cc2f3da5c4704e"
dependencies = [
 "concurrent-queue",
 "fastrand",
 "futures-lite",
 "libc",
 "log",
 "nb-connect",
 "once_cell",
 "parking",
 "polling",
 "vec-arena",
 "waker-fn",
 "winapi 0.3.9",
]

[[package]]
name = "async-mutex"
version = "1.4.0"
source = "registry+https://github.com/rust-lang/crates.io-index"
checksum = "479db852db25d9dbf6204e6cb6253698f175c15726470f78af0d918e99d6156e"
dependencies = [
 "event-listener",
]

[[package]]
name = "async-process"
version = "1.0.1"
source = "registry+https://github.com/rust-lang/crates.io-index"
checksum = "4c8cea09c1fb10a317d1b5af8024eeba256d6554763e85ecd90ff8df31c7bbda"
dependencies = [
 "async-io",
 "blocking",
 "cfg-if",
 "event-listener",
 "futures-lite",
 "once_cell",
 "signal-hook",
 "winapi 0.3.9",
]

[[package]]
name = "async-std"
version = "1.6.5"
source = "registry+https://github.com/rust-lang/crates.io-index"
checksum = "a9fa76751505e8df1c7a77762f60486f60c71bbd9b8557f4da6ad47d083732ed"
dependencies = [
 "async-global-executor",
 "async-io",
 "async-mutex",
 "blocking",
 "crossbeam-utils",
 "futures-channel",
 "futures-core",
 "futures-io",
 "futures-lite",
 "gloo-timers",
 "kv-log-macro",
 "log",
 "memchr",
 "num_cpus",
 "once_cell",
 "pin-project-lite",
 "pin-utils",
 "slab",
 "wasm-bindgen-futures",
]

[[package]]
name = "async-task"
version = "4.0.3"
source = "registry+https://github.com/rust-lang/crates.io-index"
checksum = "e91831deabf0d6d7ec49552e489aed63b7456a7a3c46cff62adad428110b0af0"

[[package]]
name = "atomic-waker"
version = "1.0.0"
source = "registry+https://github.com/rust-lang/crates.io-index"
checksum = "065374052e7df7ee4047b1160cca5e1467a12351a40b3da123c870ba0b8eda2a"

[[package]]
name = "atty"
version = "0.2.14"
source = "registry+https://github.com/rust-lang/crates.io-index"
checksum = "d9b39be18770d11421cdb1b9947a45dd3f37e93092cbf377614828a319d5fee8"
dependencies = [
 "hermit-abi",
 "libc",
 "winapi 0.3.9",
]

[[package]]
name = "autocfg"
version = "1.0.1"
source = "registry+https://github.com/rust-lang/crates.io-index"
checksum = "cdb031dd78e28731d87d56cc8ffef4a8f36ca26c38fe2de700543e627f8a464a"

[[package]]
name = "bincode"
version = "1.3.1"
source = "registry+https://github.com/rust-lang/crates.io-index"
checksum = "f30d3a39baa26f9651f17b375061f3233dde33424a8b72b0dbe93a68a0bc896d"
dependencies = [
 "byteorder",
 "serde",
]

[[package]]
name = "bitflags"
version = "1.2.1"
source = "registry+https://github.com/rust-lang/crates.io-index"
checksum = "cf1de2fe8c75bc145a2f577add951f8134889b4795d47466a54a5c846d691693"

[[package]]
name = "blocking"
version = "1.0.2"
source = "registry+https://github.com/rust-lang/crates.io-index"
checksum = "c5e170dbede1f740736619b776d7251cb1b9095c435c34d8ca9f57fcd2f335e9"
dependencies = [
 "async-channel",
 "async-task",
 "atomic-waker",
 "fastrand",
 "futures-lite",
 "once_cell",
]

[[package]]
name = "bumpalo"
version = "3.4.0"
source = "registry+https://github.com/rust-lang/crates.io-index"
checksum = "2e8c087f005730276d1096a652e92a8bacee2e2472bcc9715a74d2bec38b5820"

[[package]]
name = "byteorder"
version = "1.3.4"
source = "registry+https://github.com/rust-lang/crates.io-index"
checksum = "08c48aae112d48ed9f069b33538ea9e3e90aa263cfa3d1c24309612b1f7472de"

[[package]]
name = "cache-padded"
version = "1.1.1"
source = "registry+https://github.com/rust-lang/crates.io-index"
checksum = "631ae5198c9be5e753e5cc215e1bd73c2b466a3565173db433f52bb9d3e66dba"

[[package]]
name = "cc"
version = "1.0.61"
source = "registry+https://github.com/rust-lang/crates.io-index"
checksum = "ed67cbde08356238e75fc4656be4749481eeffb09e19f320a25237d5221c985d"

[[package]]
name = "cfg-if"
version = "0.1.10"
source = "registry+https://github.com/rust-lang/crates.io-index"
checksum = "4785bdd1c96b2a846b2bd7cc02e86b6b3dbf14e7e53446c4f54c92a361040822"

[[package]]
name = "chrono"
version = "0.4.19"
source = "registry+https://github.com/rust-lang/crates.io-index"
checksum = "670ad68c9088c2a963aaa298cb369688cf3f9465ce5e2d4ca10e6e0098a1ce73"
dependencies = [
 "libc",
 "num-integer",
 "num-traits",
 "time",
 "winapi 0.3.9",
]

[[package]]
name = "clap"
version = "3.0.0-beta.1"
source = "registry+https://github.com/rust-lang/crates.io-index"
checksum = "860643c53f980f0d38a5e25dfab6c3c93b2cb3aa1fe192643d17a293c6c41936"
dependencies = [
 "atty",
 "bitflags",
 "clap_derive",
 "indexmap",
 "lazy_static",
 "os_str_bytes",
 "strsim",
 "termcolor",
 "textwrap",
 "unicode-width",
 "vec_map",
]

[[package]]
name = "clap_derive"
version = "3.0.0-beta.2"
source = "registry+https://github.com/rust-lang/crates.io-index"
checksum = "370f715b81112975b1b69db93e0b56ea4cd4e5002ac43b2da8474106a54096a1"
dependencies = [
 "heck",
 "proc-macro-error",
 "proc-macro2",
 "quote",
 "syn",
]

[[package]]
name = "clap_generate"
version = "3.0.0-beta.1"
source = "registry+https://github.com/rust-lang/crates.io-index"
checksum = "188d8b137fa922515d549cf17ece165ddbc71bf21e723e81d84406958dcdef67"
dependencies = [
 "clap",
]

[[package]]
name = "concurrent-queue"
version = "1.2.2"
source = "registry+https://github.com/rust-lang/crates.io-index"
checksum = "30ed07550be01594c6026cff2a1d7fe9c8f683caa798e12b68694ac9e88286a3"
dependencies = [
 "cache-padded",
]

[[package]]
name = "crossbeam-channel"
version = "0.4.4"
source = "registry+https://github.com/rust-lang/crates.io-index"
checksum = "b153fe7cbef478c567df0f972e02e6d736db11affe43dfc9c56a9374d1adfb87"
dependencies = [
 "crossbeam-utils",
 "maybe-uninit",
]

[[package]]
name = "crossbeam-utils"
version = "0.7.2"
source = "registry+https://github.com/rust-lang/crates.io-index"
checksum = "c3c7c73a2d1e9fc0886a08b93e98eb643461230d5f1925e4036204d5f2e261a8"
dependencies = [
 "autocfg",
 "cfg-if",
 "lazy_static",
]

[[package]]
name = "ctrlc"
version = "3.1.7"
source = "registry+https://github.com/rust-lang/crates.io-index"
checksum = "b57a92e9749e10f25a171adcebfafe72991d45e7ec2dcb853e8f83d9dafaeb08"
dependencies = [
 "nix",
 "winapi 0.3.9",
]

[[package]]
name = "difference"
version = "2.0.0"
source = "registry+https://github.com/rust-lang/crates.io-index"
checksum = "524cbf6897b527295dff137cec09ecf3a05f4fddffd7dfcd1585403449e74198"

[[package]]
name = "doc-comment"
version = "0.3.3"
source = "registry+https://github.com/rust-lang/crates.io-index"
checksum = "fea41bba32d969b513997752735605054bc0dfa92b4c56bf1189f2e174be7a10"

[[package]]
name = "dtoa"
version = "0.4.6"
source = "registry+https://github.com/rust-lang/crates.io-index"
checksum = "134951f4028bdadb9b84baf4232681efbf277da25144b9b0ad65df75946c422b"

[[package]]
name = "dunce"
version = "1.0.1"
source = "registry+https://github.com/rust-lang/crates.io-index"
checksum = "b2641c4a7c0c4101df53ea572bffdc561c146f6c2eb09e4df02bc4811e3feeb4"

[[package]]
name = "dyn-clone"
version = "1.0.3"
source = "registry+https://github.com/rust-lang/crates.io-index"
checksum = "d55796afa1b20c2945ca8eabfc421839f2b766619209f1ede813cf2484f31804"

[[package]]
name = "either"
version = "1.6.1"
source = "registry+https://github.com/rust-lang/crates.io-index"
checksum = "e78d4f1cc4ae33bbfc157ed5d5a5ef3bc29227303d595861deb238fcec4e9457"

[[package]]
name = "event-listener"
version = "2.5.1"
source = "registry+https://github.com/rust-lang/crates.io-index"
checksum = "f7531096570974c3a9dcf9e4b8e1cede1ec26cf5046219fb3b9d897503b9be59"

[[package]]
name = "fastrand"
version = "1.4.0"
source = "registry+https://github.com/rust-lang/crates.io-index"
checksum = "ca5faf057445ce5c9d4329e382b2ce7ca38550ef3b73a5348362d5f24e0c7fe3"
dependencies = [
 "instant",
]

[[package]]
name = "filetime"
version = "0.2.12"
source = "registry+https://github.com/rust-lang/crates.io-index"
checksum = "3ed85775dcc68644b5c950ac06a2b23768d3bc9390464151aaf27136998dcf9e"
dependencies = [
 "cfg-if",
 "libc",
 "redox_syscall",
 "winapi 0.3.9",
]

[[package]]
name = "float-cmp"
version = "0.8.0"
source = "registry+https://github.com/rust-lang/crates.io-index"
checksum = "e1267f4ac4f343772758f7b1bdcbe767c218bbab93bb432acbf5162bbf85a6c4"
dependencies = [
 "num-traits",
]

[[package]]
name = "fs_extra"
version = "1.2.0"
source = "registry+https://github.com/rust-lang/crates.io-index"
checksum = "2022715d62ab30faffd124d40b76f4134a550a87792276512b18d63272333394"

[[package]]
name = "fsevent"
version = "2.0.2"
source = "registry+https://github.com/rust-lang/crates.io-index"
checksum = "97f347202c95c98805c216f9e1df210e8ebaec9fdb2365700a43c10797a35e63"
dependencies = [
 "bitflags",
 "fsevent-sys",
]

[[package]]
name = "fsevent-sys"
version = "3.0.2"
source = "registry+https://github.com/rust-lang/crates.io-index"
checksum = "77a29c77f1ca394c3e73a9a5d24cfcabb734682d9634fc398f2204a63c994120"
dependencies = [
 "libc",
]

[[package]]
name = "fuchsia-zircon"
version = "0.3.3"
source = "registry+https://github.com/rust-lang/crates.io-index"
checksum = "2e9763c69ebaae630ba35f74888db465e49e259ba1bc0eda7d06f4a067615d82"
dependencies = [
 "bitflags",
 "fuchsia-zircon-sys",
]

[[package]]
name = "fuchsia-zircon-sys"
version = "0.3.3"
source = "registry+https://github.com/rust-lang/crates.io-index"
checksum = "3dcaa9ae7725d12cdb85b3ad99a434db70b468c09ded17e012d86b5c1010f7a7"

[[package]]
name = "futures"
version = "0.3.7"
source = "registry+https://github.com/rust-lang/crates.io-index"
checksum = "95314d38584ffbfda215621d723e0a3906f032e03ae5551e650058dac83d4797"
dependencies = [
 "futures-channel",
 "futures-core",
 "futures-executor",
 "futures-io",
 "futures-sink",
 "futures-task",
 "futures-util",
]

[[package]]
name = "futures-channel"
version = "0.3.7"
source = "registry+https://github.com/rust-lang/crates.io-index"
checksum = "0448174b01148032eed37ac4aed28963aaaa8cfa93569a08e5b479bbc6c2c151"
dependencies = [
 "futures-core",
 "futures-sink",
]

[[package]]
name = "futures-core"
version = "0.3.7"
source = "registry+https://github.com/rust-lang/crates.io-index"
checksum = "18eaa56102984bed2c88ea39026cff3ce3b4c7f508ca970cedf2450ea10d4e46"

[[package]]
name = "futures-executor"
version = "0.3.7"
source = "registry+https://github.com/rust-lang/crates.io-index"
checksum = "f5f8e0c9258abaea85e78ebdda17ef9666d390e987f006be6080dfe354b708cb"
dependencies = [
 "futures-core",
 "futures-task",
 "futures-util",
]

[[package]]
name = "futures-io"
version = "0.3.7"
source = "registry+https://github.com/rust-lang/crates.io-index"
checksum = "6e1798854a4727ff944a7b12aa999f58ce7aa81db80d2dfaaf2ba06f065ddd2b"

[[package]]
name = "futures-lite"
version = "1.11.2"
source = "registry+https://github.com/rust-lang/crates.io-index"
checksum = "5e6c079abfac3ab269e2927ec048dabc89d009ebfdda6b8ee86624f30c689658"
dependencies = [
 "fastrand",
 "futures-core",
 "futures-io",
 "memchr",
 "parking",
 "pin-project-lite",
 "waker-fn",
]

[[package]]
name = "futures-macro"
version = "0.3.7"
source = "registry+https://github.com/rust-lang/crates.io-index"
checksum = "e36fccf3fc58563b4a14d265027c627c3b665d7fed489427e88e7cc929559efe"
dependencies = [
 "proc-macro-hack",
 "proc-macro2",
 "quote",
 "syn",
]

[[package]]
name = "futures-sink"
version = "0.3.7"
source = "registry+https://github.com/rust-lang/crates.io-index"
checksum = "0e3ca3f17d6e8804ae5d3df7a7d35b2b3a6fe89dac84b31872720fc3060a0b11"

[[package]]
name = "futures-task"
version = "0.3.7"
source = "registry+https://github.com/rust-lang/crates.io-index"
checksum = "96d502af37186c4fef99453df03e374683f8a1eec9dcc1e66b3b82dc8278ce3c"
dependencies = [
 "once_cell",
]

[[package]]
name = "futures-util"
version = "0.3.7"
source = "registry+https://github.com/rust-lang/crates.io-index"
checksum = "abcb44342f62e6f3e8ac427b8aa815f724fd705dfad060b18ac7866c15bb8e34"
dependencies = [
 "futures-channel",
 "futures-core",
 "futures-io",
 "futures-macro",
 "futures-sink",
 "futures-task",
 "memchr",
 "pin-project",
 "pin-utils",
 "proc-macro-hack",
 "proc-macro-nested",
 "slab",
]

[[package]]
name = "gloo-timers"
version = "0.2.1"
source = "registry+https://github.com/rust-lang/crates.io-index"
checksum = "47204a46aaff920a1ea58b11d03dec6f704287d27561724a4631e450654a891f"
dependencies = [
 "futures-channel",
 "futures-core",
 "js-sys",
 "wasm-bindgen",
 "web-sys",
]

[[package]]
name = "hashbrown"
version = "0.9.1"
source = "registry+https://github.com/rust-lang/crates.io-index"
checksum = "d7afe4a420e3fe79967a00898cc1f4db7c8a49a9333a29f8a4bd76a253d5cd04"

[[package]]
name = "heck"
version = "0.3.1"
source = "registry+https://github.com/rust-lang/crates.io-index"
checksum = "20564e78d53d2bb135c343b3f47714a56af2061f1c928fdb541dc7b9fdd94205"
dependencies = [
 "unicode-segmentation",
]

[[package]]
name = "hermit-abi"
version = "0.1.17"
source = "registry+https://github.com/rust-lang/crates.io-index"
checksum = "5aca5565f760fb5b220e499d72710ed156fdb74e631659e99377d9ebfbd13ae8"
dependencies = [
 "libc",
]

[[package]]
name = "indexmap"
version = "1.6.0"
source = "registry+https://github.com/rust-lang/crates.io-index"
checksum = "55e2e4c765aa53a0424761bf9f41aa7a6ac1efa87238f59560640e27fca028f2"
dependencies = [
 "autocfg",
 "hashbrown",
]

[[package]]
name = "inotify"
version = "0.8.3"
source = "registry+https://github.com/rust-lang/crates.io-index"
checksum = "46dd0a94b393c730779ccfd2a872b67b1eb67be3fc33082e733bdb38b5fde4d4"
dependencies = [
 "bitflags",
 "inotify-sys",
 "libc",
]

[[package]]
name = "inotify-sys"
version = "0.1.3"
source = "registry+https://github.com/rust-lang/crates.io-index"
checksum = "e74a1aa87c59aeff6ef2cc2fa62d41bc43f54952f55652656b18a02fd5e356c0"
dependencies = [
 "libc",
]

[[package]]
name = "instant"
version = "0.1.7"
source = "registry+https://github.com/rust-lang/crates.io-index"
checksum = "63312a18f7ea8760cdd0a7c5aac1a619752a246b833545e3e36d1f81f7cd9e66"
dependencies = [
 "cfg-if",
]

[[package]]
name = "iovec"
version = "0.1.4"
source = "registry+https://github.com/rust-lang/crates.io-index"
checksum = "b2b3ea6ff95e175473f8ffe6a7eb7c00d054240321b84c57051175fe3c1e075e"
dependencies = [
 "libc",
]

[[package]]
name = "itertools"
version = "0.9.0"
source = "registry+https://github.com/rust-lang/crates.io-index"
checksum = "284f18f85651fe11e8a991b2adb42cb078325c996ed026d994719efcfca1d54b"
dependencies = [
 "either",
]

[[package]]
name = "itoa"
version = "0.4.6"
source = "registry+https://github.com/rust-lang/crates.io-index"
checksum = "dc6f3ad7b9d11a0c00842ff8de1b60ee58661048eb8049ed33c73594f359d7e6"

[[package]]
name = "jemalloc-sys"
version = "0.3.2"
source = "registry+https://github.com/rust-lang/crates.io-index"
checksum = "0d3b9f3f5c9b31aa0f5ed3260385ac205db665baa41d49bb8338008ae94ede45"
dependencies = [
 "cc",
 "fs_extra",
 "libc",
]

[[package]]
name = "jemallocator"
version = "0.3.2"
source = "registry+https://github.com/rust-lang/crates.io-index"
checksum = "43ae63fcfc45e99ab3d1b29a46782ad679e98436c3169d15a167a1108a724b69"
dependencies = [
 "jemalloc-sys",
 "libc",
]

[[package]]
name = "js-sys"
version = "0.3.45"
source = "registry+https://github.com/rust-lang/crates.io-index"
checksum = "ca059e81d9486668f12d455a4ea6daa600bd408134cd17e3d3fb5a32d1f016f8"
dependencies = [
 "wasm-bindgen",
]

[[package]]
name = "kernel32-sys"
version = "0.2.2"
source = "registry+https://github.com/rust-lang/crates.io-index"
checksum = "7507624b29483431c0ba2d82aece8ca6cdba9382bff4ddd0f7490560c056098d"
dependencies = [
 "winapi 0.2.8",
 "winapi-build",
]

[[package]]
name = "kv-log-macro"
version = "1.0.7"
source = "registry+https://github.com/rust-lang/crates.io-index"
checksum = "0de8b303297635ad57c9f5059fd9cee7a47f8e8daa09df0fcd07dd39fb22977f"
dependencies = [
 "log",
]

[[package]]
name = "lazy_static"
version = "1.4.0"
source = "registry+https://github.com/rust-lang/crates.io-index"
checksum = "e2abad23fbc42b3700f2f279844dc832adb2b2eb069b2df918f455c4e18cc646"

[[package]]
name = "lazycell"
version = "1.3.0"
source = "registry+https://github.com/rust-lang/crates.io-index"
checksum = "830d08ce1d1d941e6b30645f1a0eb5643013d835ce3779a5fc208261dbe10f55"

[[package]]
name = "libc"
version = "0.2.79"
source = "registry+https://github.com/rust-lang/crates.io-index"
checksum = "2448f6066e80e3bfc792e9c98bf705b4b0fc6e8ef5b43e5889aff0eaa9c58743"

[[package]]
name = "linked-hash-map"
version = "0.5.3"
source = "registry+https://github.com/rust-lang/crates.io-index"
checksum = "8dd5a6d5999d9907cda8ed67bbd137d3af8085216c2ac62de5be860bd41f304a"

[[package]]
name = "log"
version = "0.4.11"
source = "registry+https://github.com/rust-lang/crates.io-index"
checksum = "4fabed175da42fed1fa0746b0ea71f412aa9d35e76e95e59b192c64b9dc2bf8b"
dependencies = [
 "cfg-if",
]

[[package]]
name = "maybe-uninit"
version = "2.0.0"
source = "registry+https://github.com/rust-lang/crates.io-index"
checksum = "60302e4db3a61da70c0cb7991976248362f30319e88850c487b9b95bbf059e00"

[[package]]
name = "memchr"
version = "2.3.3"
source = "registry+https://github.com/rust-lang/crates.io-index"
checksum = "3728d817d99e5ac407411fa471ff9800a778d88a24685968b36824eaf4bee400"

[[package]]
name = "mio"
version = "0.6.22"
source = "registry+https://github.com/rust-lang/crates.io-index"
checksum = "fce347092656428bc8eaf6201042cb551b8d67855af7374542a92a0fbfcac430"
dependencies = [
 "cfg-if",
 "fuchsia-zircon",
 "fuchsia-zircon-sys",
 "iovec",
 "kernel32-sys",
 "libc",
 "log",
 "miow",
 "net2",
 "slab",
 "winapi 0.2.8",
]

[[package]]
name = "mio-extras"
version = "2.0.6"
source = "registry+https://github.com/rust-lang/crates.io-index"
checksum = "52403fe290012ce777c4626790c8951324a2b9e3316b3143779c72b029742f19"
dependencies = [
 "lazycell",
 "log",
 "mio",
 "slab",
]

[[package]]
name = "miow"
version = "0.2.1"
source = "registry+https://github.com/rust-lang/crates.io-index"
checksum = "8c1f2f3b1cf331de6896aabf6e9d55dca90356cc9960cca7eaaf408a355ae919"
dependencies = [
 "kernel32-sys",
 "net2",
 "winapi 0.2.8",
 "ws2_32-sys",
]

[[package]]
name = "nb-connect"
version = "1.0.2"
source = "registry+https://github.com/rust-lang/crates.io-index"
checksum = "8123a81538e457d44b933a02faf885d3fe8408806b23fa700e8f01c6c3a98998"
dependencies = [
 "libc",
 "winapi 0.3.9",
]

[[package]]
name = "net2"
version = "0.2.35"
source = "registry+https://github.com/rust-lang/crates.io-index"
checksum = "3ebc3ec692ed7c9a255596c67808dee269f64655d8baf7b4f0638e51ba1d6853"
dependencies = [
 "cfg-if",
 "libc",
 "winapi 0.3.9",
]

[[package]]
name = "nix"
version = "0.18.0"
source = "registry+https://github.com/rust-lang/crates.io-index"
checksum = "83450fe6a6142ddd95fb064b746083fc4ef1705fe81f64a64e1d4b39f54a1055"
dependencies = [
 "bitflags",
 "cc",
 "cfg-if",
 "libc",
]

[[package]]
name = "normalize-line-endings"
version = "0.3.0"
source = "registry+https://github.com/rust-lang/crates.io-index"
checksum = "61807f77802ff30975e01f4f071c8ba10c022052f98b3294119f3e615d13e5be"

[[package]]
name = "notify"
version = "5.0.0-pre.3"
source = "registry+https://github.com/rust-lang/crates.io-index"
checksum = "77d03607cf88b4b160ba0e9ed425fff3cee3b55ac813f0c685b3a3772da37d0e"
dependencies = [
 "anymap",
 "bitflags",
 "crossbeam-channel",
 "filetime",
 "fsevent",
 "fsevent-sys",
 "inotify",
 "libc",
 "mio",
 "mio-extras",
 "serde",
 "walkdir",
 "winapi 0.3.9",
]

[[package]]
name = "num-integer"
version = "0.1.43"
source = "registry+https://github.com/rust-lang/crates.io-index"
checksum = "8d59457e662d541ba17869cf51cf177c0b5f0cbf476c66bdc90bf1edac4f875b"
dependencies = [
 "autocfg",
 "num-traits",
]

[[package]]
name = "num-traits"
version = "0.2.12"
source = "registry+https://github.com/rust-lang/crates.io-index"
checksum = "ac267bcc07f48ee5f8935ab0d24f316fb722d7a1292e2913f0cc196b29ffd611"
dependencies = [
 "autocfg",
]

[[package]]
name = "num_cpus"
version = "1.13.0"
source = "registry+https://github.com/rust-lang/crates.io-index"
checksum = "05499f3756671c15885fee9034446956fff3f243d6077b91e5767df161f766b3"
dependencies = [
 "hermit-abi",
 "libc",
]

[[package]]
name = "once_cell"
version = "1.4.1"
source = "registry+https://github.com/rust-lang/crates.io-index"
checksum = "260e51e7efe62b592207e9e13a68e43692a7a279171d6ba57abd208bf23645ad"

[[package]]
name = "os_str_bytes"
version = "2.3.2"
source = "registry+https://github.com/rust-lang/crates.io-index"
checksum = "2ac6fe3538f701e339953a3ebbe4f39941aababa8a3f6964635b24ab526daeac"

[[package]]
name = "parking"
version = "2.0.0"
source = "registry+https://github.com/rust-lang/crates.io-index"
checksum = "427c3892f9e783d91cc128285287e70a59e206ca452770ece88a76f7a3eddd72"

[[package]]
name = "pin-project"
version = "1.0.1"
source = "registry+https://github.com/rust-lang/crates.io-index"
checksum = "ee41d838744f60d959d7074e3afb6b35c7456d0f61cad38a24e35e6553f73841"
dependencies = [
 "pin-project-internal",
]

[[package]]
name = "pin-project-internal"
version = "1.0.1"
source = "registry+https://github.com/rust-lang/crates.io-index"
checksum = "81a4ffa594b66bff340084d4081df649a7dc049ac8d7fc458d8e628bfbbb2f86"
dependencies = [
 "proc-macro2",
 "quote",
 "syn",
]

[[package]]
name = "pin-project-lite"
version = "0.1.11"
source = "registry+https://github.com/rust-lang/crates.io-index"
checksum = "c917123afa01924fc84bb20c4c03f004d9c38e5127e3c039bbf7f4b9c76a2f6b"

[[package]]
name = "pin-utils"
version = "0.1.0"
source = "registry+https://github.com/rust-lang/crates.io-index"
checksum = "8b870d8c151b6f2fb93e84a13146138f05d02ed11c7e7c54f8826aaaf7c9f184"

[[package]]
name = "polling"
version = "2.0.2"
source = "registry+https://github.com/rust-lang/crates.io-index"
checksum = "a2a7bc6b2a29e632e45451c941832803a18cce6781db04de8a04696cdca8bde4"
dependencies = [
 "cfg-if",
 "libc",
 "log",
 "wepoll-sys",
 "winapi 0.3.9",
]

[[package]]
name = "predicates"
version = "1.0.5"
source = "registry+https://github.com/rust-lang/crates.io-index"
checksum = "96bfead12e90dccead362d62bb2c90a5f6fc4584963645bc7f71a735e0b0735a"
dependencies = [
 "difference",
 "float-cmp",
 "normalize-line-endings",
 "predicates-core",
 "regex",
]

[[package]]
name = "predicates-core"
version = "1.0.0"
source = "registry+https://github.com/rust-lang/crates.io-index"
checksum = "06075c3a3e92559ff8929e7a280684489ea27fe44805174c3ebd9328dcb37178"

[[package]]
name = "predicates-tree"
version = "1.0.0"
source = "registry+https://github.com/rust-lang/crates.io-index"
checksum = "8e63c4859013b38a76eca2414c64911fba30def9e3202ac461a2d22831220124"
dependencies = [
 "predicates-core",
 "treeline",
]

[[package]]
name = "proc-macro-error"
version = "1.0.4"
source = "registry+https://github.com/rust-lang/crates.io-index"
checksum = "da25490ff9892aab3fcf7c36f08cfb902dd3e71ca0f9f9517bea02a73a5ce38c"
dependencies = [
 "proc-macro-error-attr",
 "proc-macro2",
 "quote",
 "syn",
 "version_check",
]

[[package]]
name = "proc-macro-error-attr"
version = "1.0.4"
source = "registry+https://github.com/rust-lang/crates.io-index"
checksum = "a1be40180e52ecc98ad80b184934baf3d0d29f979574e439af5a55274b35f869"
dependencies = [
 "proc-macro2",
 "quote",
 "version_check",
]

[[package]]
name = "proc-macro-hack"
version = "0.5.18"
source = "registry+https://github.com/rust-lang/crates.io-index"
checksum = "99c605b9a0adc77b7211c6b1f722dcb613d68d66859a44f3d485a6da332b0598"

[[package]]
name = "proc-macro-nested"
version = "0.1.6"
source = "registry+https://github.com/rust-lang/crates.io-index"
checksum = "eba180dafb9038b050a4c280019bbedf9f2467b61e5d892dcad585bb57aadc5a"

[[package]]
name = "proc-macro2"
version = "1.0.24"
source = "registry+https://github.com/rust-lang/crates.io-index"
checksum = "1e0704ee1a7e00d7bb417d0770ea303c1bccbabf0ef1667dae92b5967f5f8a71"
dependencies = [
 "unicode-xid",
]

[[package]]
name = "quote"
version = "1.0.7"
source = "registry+https://github.com/rust-lang/crates.io-index"
checksum = "aa563d17ecb180e500da1cfd2b028310ac758de548efdd203e18f283af693f37"
dependencies = [
 "proc-macro2",
]

[[package]]
name = "redox_syscall"
version = "0.1.57"
source = "registry+https://github.com/rust-lang/crates.io-index"
checksum = "41cc0f7e4d5d4544e8861606a285bb08d3e70712ccc7d2b84d7c0ccfaf4b05ce"

[[package]]
name = "regex"
version = "1.4.1"
source = "registry+https://github.com/rust-lang/crates.io-index"
checksum = "8963b85b8ce3074fecffde43b4b0dded83ce2f367dc8d363afc56679f3ee820b"
dependencies = [
 "aho-corasick",
 "memchr",
 "regex-syntax",
 "thread_local",
]

[[package]]
name = "regex-syntax"
version = "0.6.20"
source = "registry+https://github.com/rust-lang/crates.io-index"
checksum = "8cab7a364d15cde1e505267766a2d3c4e22a843e1a601f0fa7564c0f82ced11c"

[[package]]
name = "ryu"
version = "1.0.5"
source = "registry+https://github.com/rust-lang/crates.io-index"
checksum = "71d301d4193d031abdd79ff7e3dd721168a9572ef3fe51a1517aba235bd8f86e"

[[package]]
name = "same-file"
version = "1.0.6"
source = "registry+https://github.com/rust-lang/crates.io-index"
checksum = "93fc1dc3aaa9bfed95e02e6eadabb4baf7e3078b0bd1b4d7b6b0b68378900502"
dependencies = [
 "winapi-util",
]

[[package]]
name = "schemars"
version = "0.8.0"
source = "registry+https://github.com/rust-lang/crates.io-index"
checksum = "763f667253711994847f7e73befe859d6fff7bea2b7a7f01669d2c5b60765c37"
dependencies = [
 "dyn-clone",
 "schemars_derive",
 "serde",
 "serde_json",
]

[[package]]
name = "schemars_derive"
version = "0.8.0"
source = "registry+https://github.com/rust-lang/crates.io-index"
checksum = "d1d457e2e37415f32b7628ddc5a7fea06ef63bd029ed180d65166e87ca25ce21"
dependencies = [
 "proc-macro2",
 "quote",
 "serde_derive_internals",
 "syn",
]

[[package]]
name = "seahash"
version = "4.0.1"
source = "registry+https://github.com/rust-lang/crates.io-index"
checksum = "39ee459cae272d224928ca09a1df5406da984f263dc544f9f8bde92a8c3dc916"

[[package]]
name = "serde"
version = "1.0.117"
source = "registry+https://github.com/rust-lang/crates.io-index"
checksum = "b88fa983de7720629c9387e9f517353ed404164b1e482c970a90c1a4aaf7dc1a"
dependencies = [
 "serde_derive",
]

[[package]]
name = "serde_derive"
version = "1.0.117"
source = "registry+https://github.com/rust-lang/crates.io-index"
checksum = "cbd1ae72adb44aab48f325a02444a5fc079349a8d804c1fc922aed3f7454c74e"
dependencies = [
 "proc-macro2",
 "quote",
 "syn",
]

[[package]]
name = "serde_derive_internals"
version = "0.25.0"
source = "registry+https://github.com/rust-lang/crates.io-index"
checksum = "1dbab34ca63057a1f15280bdf3c39f2b1eb1b54c17e98360e511637aef7418c6"
dependencies = [
 "proc-macro2",
 "quote",
 "syn",
]

[[package]]
name = "serde_json"
version = "1.0.59"
source = "registry+https://github.com/rust-lang/crates.io-index"
checksum = "dcac07dbffa1c65e7f816ab9eba78eb142c6d44410f4eeba1e26e4f5dfa56b95"
dependencies = [
 "itoa",
 "ryu",
 "serde",
]

[[package]]
name = "serde_yaml"
version = "0.8.13"
source = "registry+https://github.com/rust-lang/crates.io-index"
checksum = "ae3e2dd40a7cdc18ca80db804b7f461a39bb721160a85c9a1fa30134bf3c02a5"
dependencies = [
 "dtoa",
 "linked-hash-map",
 "serde",
 "yaml-rust",
]

[[package]]
name = "signal-hook"
version = "0.1.16"
source = "registry+https://github.com/rust-lang/crates.io-index"
checksum = "604508c1418b99dfe1925ca9224829bb2a8a9a04dda655cc01fcad46f4ab05ed"
dependencies = [
 "libc",
 "signal-hook-registry",
]

[[package]]
name = "signal-hook-registry"
version = "1.2.1"
source = "registry+https://github.com/rust-lang/crates.io-index"
checksum = "a3e12110bc539e657a646068aaf5eb5b63af9d0c1f7b29c97113fad80e15f035"
dependencies = [
 "arc-swap",
 "libc",
]

[[package]]
name = "slab"
version = "0.4.2"
source = "registry+https://github.com/rust-lang/crates.io-index"
checksum = "c111b5bd5695e56cffe5129854aa230b39c93a305372fdbb2668ca2394eea9f8"

[[package]]
name = "stderrlog"
version = "0.5.0"
source = "registry+https://github.com/rust-lang/crates.io-index"
checksum = "b02f316286ae558d83acc93dd81eaba096e746987a7961d4a9ae026842bae67f"
dependencies = [
 "atty",
 "chrono",
 "log",
 "termcolor",
 "thread_local",
]

[[package]]
name = "strsim"
version = "0.10.0"
source = "registry+https://github.com/rust-lang/crates.io-index"
checksum = "73473c0e59e6d5812c5dfe2a064a6444949f089e20eec9a2e5506596494e4623"

[[package]]
name = "syn"
version = "1.0.46"
source = "registry+https://github.com/rust-lang/crates.io-index"
checksum = "5ad5de3220ea04da322618ded2c42233d02baca219d6f160a3e9c87cda16c942"
dependencies = [
 "proc-macro2",
 "quote",
 "unicode-xid",
]

[[package]]
name = "termcolor"
version = "1.1.0"
source = "registry+https://github.com/rust-lang/crates.io-index"
checksum = "bb6bfa289a4d7c5766392812c0a1f4c1ba45afa1ad47803c11e1f407d846d75f"
dependencies = [
 "winapi-util",
]

[[package]]
name = "textwrap"
version = "0.11.0"
source = "registry+https://github.com/rust-lang/crates.io-index"
checksum = "d326610f408c7a4eb6f51c37c330e496b08506c9457c9d34287ecc38809fb060"
dependencies = [
 "unicode-width",
]

[[package]]
name = "thread_local"
version = "1.0.1"
source = "registry+https://github.com/rust-lang/crates.io-index"
checksum = "d40c6d1b69745a6ec6fb1ca717914848da4b44ae29d9b3080cbee91d72a69b14"
dependencies = [
 "lazy_static",
]

[[package]]
name = "time"
version = "0.1.44"
source = "registry+https://github.com/rust-lang/crates.io-index"
checksum = "6db9e6914ab8b1ae1c260a4ae7a49b6c5611b40328a735b21862567685e73255"
dependencies = [
 "libc",
 "wasi",
 "winapi 0.3.9",
]

[[package]]
name = "treeline"
version = "0.1.0"
source = "registry+https://github.com/rust-lang/crates.io-index"
checksum = "a7f741b240f1a48843f9b8e0444fb55fb2a4ff67293b50a9179dfd5ea67f8d41"

[[package]]
name = "unicode-segmentation"
version = "1.6.0"
source = "registry+https://github.com/rust-lang/crates.io-index"
checksum = "e83e153d1053cbb5a118eeff7fd5be06ed99153f00dbcd8ae310c5fb2b22edc0"

[[package]]
name = "unicode-width"
version = "0.1.8"
source = "registry+https://github.com/rust-lang/crates.io-index"
checksum = "9337591893a19b88d8d87f2cec1e73fad5cdfd10e5a6f349f498ad6ea2ffb1e3"

[[package]]
name = "unicode-xid"
version = "0.2.1"
source = "registry+https://github.com/rust-lang/crates.io-index"
checksum = "f7fe0bb3479651439c9112f72b6c505038574c9fbb575ed1bf3b797fa39dd564"

[[package]]
name = "vec-arena"
version = "1.0.0"
source = "registry+https://github.com/rust-lang/crates.io-index"
checksum = "eafc1b9b2dfc6f5529177b62cf806484db55b32dc7c9658a118e11bbeb33061d"

[[package]]
name = "vec_map"
version = "0.8.2"
source = "registry+https://github.com/rust-lang/crates.io-index"
checksum = "f1bddf1187be692e79c5ffeab891132dfb0f236ed36a43c7ed39f1165ee20191"

[[package]]
name = "version_check"
version = "0.9.2"
source = "registry+https://github.com/rust-lang/crates.io-index"
checksum = "b5a972e5669d67ba988ce3dc826706fb0a8b01471c088cb0b6110b805cc36aed"

[[package]]
name = "wait-timeout"
version = "0.2.0"
source = "registry+https://github.com/rust-lang/crates.io-index"
checksum = "9f200f5b12eb75f8c1ed65abd4b2db8a6e1b138a20de009dacee265a2498f3f6"
dependencies = [
 "libc",
]

[[package]]
name = "waker-fn"
version = "1.1.0"
source = "registry+https://github.com/rust-lang/crates.io-index"
checksum = "9d5b2c62b4012a3e1eca5a7e077d13b3bf498c4073e33ccd58626607748ceeca"

[[package]]
name = "walkdir"
version = "2.3.1"
source = "registry+https://github.com/rust-lang/crates.io-index"
checksum = "777182bc735b6424e1a57516d35ed72cb8019d85c8c9bf536dccb3445c1a2f7d"
dependencies = [
 "same-file",
 "winapi 0.3.9",
 "winapi-util",
]

[[package]]
name = "wasi"
version = "0.10.0+wasi-snapshot-preview1"
source = "registry+https://github.com/rust-lang/crates.io-index"
checksum = "1a143597ca7c7793eff794def352d41792a93c481eb1042423ff7ff72ba2c31f"

[[package]]
name = "wasm-bindgen"
version = "0.2.68"
source = "registry+https://github.com/rust-lang/crates.io-index"
checksum = "1ac64ead5ea5f05873d7c12b545865ca2b8d28adfc50a49b84770a3a97265d42"
dependencies = [
 "cfg-if",
 "wasm-bindgen-macro",
]

[[package]]
name = "wasm-bindgen-backend"
version = "0.2.68"
source = "registry+https://github.com/rust-lang/crates.io-index"
checksum = "f22b422e2a757c35a73774860af8e112bff612ce6cb604224e8e47641a9e4f68"
dependencies = [
 "bumpalo",
 "lazy_static",
 "log",
 "proc-macro2",
 "quote",
 "syn",
 "wasm-bindgen-shared",
]

[[package]]
name = "wasm-bindgen-futures"
version = "0.4.18"
source = "registry+https://github.com/rust-lang/crates.io-index"
checksum = "b7866cab0aa01de1edf8b5d7936938a7e397ee50ce24119aef3e1eaa3b6171da"
dependencies = [
 "cfg-if",
 "js-sys",
 "wasm-bindgen",
 "web-sys",
]

[[package]]
name = "wasm-bindgen-macro"
version = "0.2.68"
source = "registry+https://github.com/rust-lang/crates.io-index"
checksum = "6b13312a745c08c469f0b292dd2fcd6411dba5f7160f593da6ef69b64e407038"
dependencies = [
 "quote",
 "wasm-bindgen-macro-support",
]

[[package]]
name = "wasm-bindgen-macro-support"
version = "0.2.68"
source = "registry+https://github.com/rust-lang/crates.io-index"
checksum = "f249f06ef7ee334cc3b8ff031bfc11ec99d00f34d86da7498396dc1e3b1498fe"
dependencies = [
 "proc-macro2",
 "quote",
 "syn",
 "wasm-bindgen-backend",
 "wasm-bindgen-shared",
]

[[package]]
name = "wasm-bindgen-shared"
version = "0.2.68"
source = "registry+https://github.com/rust-lang/crates.io-index"
checksum = "1d649a3145108d7d3fbcde896a468d1bd636791823c9921135218ad89be08307"

[[package]]
name = "web-sys"
version = "0.3.45"
source = "registry+https://github.com/rust-lang/crates.io-index"
checksum = "4bf6ef87ad7ae8008e15a355ce696bed26012b7caa21605188cfd8214ab51e2d"
dependencies = [
 "js-sys",
 "wasm-bindgen",
]

[[package]]
name = "wepoll-sys"
version = "3.0.1"
source = "registry+https://github.com/rust-lang/crates.io-index"
checksum = "0fcb14dea929042224824779fbc82d9fab8d2e6d3cbc0ac404de8edf489e77ff"
dependencies = [
 "cc",
]

[[package]]
name = "winapi"
version = "0.2.8"
source = "registry+https://github.com/rust-lang/crates.io-index"
checksum = "167dc9d6949a9b857f3451275e911c3f44255842c1f7a76f33c55103a909087a"

[[package]]
name = "winapi"
version = "0.3.9"
source = "registry+https://github.com/rust-lang/crates.io-index"
checksum = "5c839a674fcd7a98952e593242ea400abe93992746761e38641405d28b00f419"
dependencies = [
 "winapi-i686-pc-windows-gnu",
 "winapi-x86_64-pc-windows-gnu",
]

[[package]]
name = "winapi-build"
version = "0.1.1"
source = "registry+https://github.com/rust-lang/crates.io-index"
checksum = "2d315eee3b34aca4797b2da6b13ed88266e6d612562a0c46390af8299fc699bc"

[[package]]
name = "winapi-i686-pc-windows-gnu"
version = "0.4.0"
source = "registry+https://github.com/rust-lang/crates.io-index"
checksum = "ac3b87c63620426dd9b991e5ce0329eff545bccbbb34f3be09ff6fb6ab51b7b6"

[[package]]
name = "winapi-util"
version = "0.1.5"
source = "registry+https://github.com/rust-lang/crates.io-index"
checksum = "70ec6ce85bb158151cae5e5c87f95a8e97d2c0c4b001223f33a334e3ce5de178"
dependencies = [
 "winapi 0.3.9",
]

[[package]]
name = "winapi-x86_64-pc-windows-gnu"
version = "0.4.0"
source = "registry+https://github.com/rust-lang/crates.io-index"
checksum = "712e227841d057c1ee1cd2fb22fa7e5a5461ae8e48fa2ca79ec42cfc1931183f"

[[package]]
name = "ws2_32-sys"
version = "0.2.1"
source = "registry+https://github.com/rust-lang/crates.io-index"
checksum = "d59cefebd0c892fa2dd6de581e937301d8552cb44489cdff035c6187cb63fa5e"
dependencies = [
 "winapi 0.2.8",
 "winapi-build",
]

[[package]]
name = "yaml-rust"
version = "0.4.4"
source = "registry+https://github.com/rust-lang/crates.io-index"
checksum = "39f0c922f1a334134dc2f7a8b67dc5d25f0735263feec974345ff706bcf20b0d"
dependencies = [
 "linked-hash-map",
]

[[package]]
name = "zinoma"
version = "0.19.1"
dependencies = [
 "anyhow",
 "assert_cmd",
 "async-ctrlc",
 "async-process",
 "async-std",
 "bincode",
 "clap",
 "clap_generate",
 "dunce",
 "futures",
 "itertools",
 "jemallocator",
 "lazy_static",
 "log",
 "notify",
 "pin-project-lite",
 "predicates",
 "regex",
 "schemars",
 "seahash",
 "serde",
 "serde_json",
 "serde_yaml",
 "stderrlog",
 "walkdir",
]
